// !$*UTF8*$!
{
	archiveVersion = 1;
	classes = {
	};
	objectVersion = 50;
	objects = {

/* Begin PBXBuildFile section */
		2EDA9AAB21B587EB004A770B /* AppDelegate.swift in Sources */ = {isa = PBXBuildFile; fileRef = 2EDA9AAA21B587EB004A770B /* AppDelegate.swift */; };
		2EDA9AAD21B587EB004A770B /* CrayonViewController.swift in Sources */ = {isa = PBXBuildFile; fileRef = 2EDA9AAC21B587EB004A770B /* CrayonViewController.swift */; };
		2EDA9AB021B587EB004A770B /* Main.storyboard in Resources */ = {isa = PBXBuildFile; fileRef = 2EDA9AAE21B587EB004A770B /* Main.storyboard */; };
		2EDA9AB221B587ED004A770B /* Assets.xcassets in Resources */ = {isa = PBXBuildFile; fileRef = 2EDA9AB121B587ED004A770B /* Assets.xcassets */; };
		2EDA9AB521B587ED004A770B /* LaunchScreen.storyboard in Resources */ = {isa = PBXBuildFile; fileRef = 2EDA9AB321B587ED004A770B /* LaunchScreen.storyboard */; };
		2EDA9ABD21B58828004A770B /* Crayon.swift in Sources */ = {isa = PBXBuildFile; fileRef = 2EDA9ABC21B58828004A770B /* Crayon.swift */; };
		2EDA9ABF21B58B83004A770B /* DetaliedViewController.swift in Sources */ = {isa = PBXBuildFile; fileRef = 2EDA9ABE21B58B83004A770B /* DetaliedViewController.swift */; };
/* End PBXBuildFile section */

/* Begin PBXFileReference section */
		2EDA9AA721B587EB004A770B /* Crayons.app */ = {isa = PBXFileReference; explicitFileType = wrapper.application; includeInIndex = 0; path = Crayons.app; sourceTree = BUILT_PRODUCTS_DIR; };
		2EDA9AAA21B587EB004A770B /* AppDelegate.swift */ = {isa = PBXFileReference; lastKnownFileType = sourcecode.swift; path = AppDelegate.swift; sourceTree = "<group>"; };
		2EDA9AAC21B587EB004A770B /* CrayonViewController.swift */ = {isa = PBXFileReference; lastKnownFileType = sourcecode.swift; path = CrayonViewController.swift; sourceTree = "<group>"; };
		2EDA9AAF21B587EB004A770B /* Base */ = {isa = PBXFileReference; lastKnownFileType = file.storyboard; name = Base; path = Base.lproj/Main.storyboard; sourceTree = "<group>"; };
		2EDA9AB121B587ED004A770B /* Assets.xcassets */ = {isa = PBXFileReference; lastKnownFileType = folder.assetcatalog; path = Assets.xcassets; sourceTree = "<group>"; };
		2EDA9AB421B587ED004A770B /* Base */ = {isa = PBXFileReference; lastKnownFileType = file.storyboard; name = Base; path = Base.lproj/LaunchScreen.storyboard; sourceTree = "<group>"; };
		2EDA9AB621B587ED004A770B /* Info.plist */ = {isa = PBXFileReference; lastKnownFileType = text.plist.xml; path = Info.plist; sourceTree = "<group>"; };
		2EDA9ABC21B58828004A770B /* Crayon.swift */ = {isa = PBXFileReference; lastKnownFileType = sourcecode.swift; path = Crayon.swift; sourceTree = "<group>"; };
		2EDA9ABE21B58B83004A770B /* DetaliedViewController.swift */ = {isa = PBXFileReference; lastKnownFileType = sourcecode.swift; path = DetaliedViewController.swift; sourceTree = "<group>"; };
/* End PBXFileReference section */

/* Begin PBXFrameworksBuildPhase section */
		2EDA9AA421B587EB004A770B /* Frameworks */ = {
			isa = PBXFrameworksBuildPhase;
			buildActionMask = 2147483647;
			files = (
			);
			runOnlyForDeploymentPostprocessing = 0;
		};
/* End PBXFrameworksBuildPhase section */

/* Begin PBXGroup section */
		2EDA9A9E21B587EB004A770B = {
			isa = PBXGroup;
			children = (
				2EDA9ABC21B58828004A770B /* Crayon.swift */,
				2EDA9AA921B587EB004A770B /* Crayons */,
				2EDA9AA821B587EB004A770B /* Products */,
			);
			sourceTree = "<group>";
		};
		2EDA9AA821B587EB004A770B /* Products */ = {
			isa = PBXGroup;
			children = (
				2EDA9AA721B587EB004A770B /* Crayons.app */,
			);
			name = Products;
			sourceTree = "<group>";
		};
		2EDA9AA921B587EB004A770B /* Crayons */ = {
			isa = PBXGroup;
			children = (
				2EDA9AAA21B587EB004A770B /* AppDelegate.swift */,
				2EDA9AAC21B587EB004A770B /* CrayonViewController.swift */,
				2EDA9AAE21B587EB004A770B /* Main.storyboard */,
				2EDA9ABE21B58B83004A770B /* DetaliedViewController.swift */,
				2EDA9AB121B587ED004A770B /* Assets.xcassets */,
				2EDA9AB321B587ED004A770B /* LaunchScreen.storyboard */,
				2EDA9AB621B587ED004A770B /* Info.plist */,
			);
			path = Crayons;
			sourceTree = "<group>";
		};
/* End PBXGroup section */

/* Begin PBXNativeTarget section */
		2EDA9AA621B587EB004A770B /* Crayons */ = {
			isa = PBXNativeTarget;
			buildConfigurationList = 2EDA9AB921B587ED004A770B /* Build configuration list for PBXNativeTarget "Crayons" */;
			buildPhases = (
				2EDA9AA321B587EB004A770B /* Sources */,
				2EDA9AA421B587EB004A770B /* Frameworks */,
				2EDA9AA521B587EB004A770B /* Resources */,
			);
			buildRules = (
			);
			dependencies = (
			);
			name = Crayons;
			productName = Crayons;
			productReference = 2EDA9AA721B587EB004A770B /* Crayons.app */;
			productType = "com.apple.product-type.application";
		};
/* End PBXNativeTarget section */

/* Begin PBXProject section */
		2EDA9A9F21B587EB004A770B /* Project object */ = {
			isa = PBXProject;
			attributes = {
				LastSwiftUpdateCheck = 1010;
				LastUpgradeCheck = 1010;
				ORGANIZATIONNAME = "Ashli Rankin";
				TargetAttributes = {
					2EDA9AA621B587EB004A770B = {
						CreatedOnToolsVersion = 10.1;
					};
				};
			};
			buildConfigurationList = 2EDA9AA221B587EB004A770B /* Build configuration list for PBXProject "Crayons" */;
			compatibilityVersion = "Xcode 9.3";
			developmentRegion = en;
			hasScannedForEncodings = 0;
			knownRegions = (
				en,
				Base,
			);
			mainGroup = 2EDA9A9E21B587EB004A770B;
			productRefGroup = 2EDA9AA821B587EB004A770B /* Products */;
			projectDirPath = "";
			projectRoot = "";
			targets = (
				2EDA9AA621B587EB004A770B /* Crayons */,
			);
		};
/* End PBXProject section */

/* Begin PBXResourcesBuildPhase section */
		2EDA9AA521B587EB004A770B /* Resources */ = {
			isa = PBXResourcesBuildPhase;
			buildActionMask = 2147483647;
			files = (
				2EDA9AB521B587ED004A770B /* LaunchScreen.storyboard in Resources */,
				2EDA9AB221B587ED004A770B /* Assets.xcassets in Resources */,
				2EDA9AB021B587EB004A770B /* Main.storyboard in Resources */,
			);
			runOnlyForDeploymentPostprocessing = 0;
		};
/* End PBXResourcesBuildPhase section */

/* Begin PBXSourcesBuildPhase section */
		2EDA9AA321B587EB004A770B /* Sources */ = {
			isa = PBXSourcesBuildPhase;
			buildActionMask = 2147483647;
			files = (
				2EDA9ABD21B58828004A770B /* Crayon.swift in Sources */,
				2EDA9AAD21B587EB004A770B /* CrayonViewController.swift in Sources */,
				2EDA9ABF21B58B83004A770B /* DetaliedViewController.swift in Sources */,
				2EDA9AAB21B587EB004A770B /* AppDelegate.swift in Sources */,
			);
			runOnlyForDeploymentPostprocessing = 0;
		};
/* End PBXSourcesBuildPhase section */

/* Begin PBXVariantGroup section */
		2EDA9AAE21B587EB004A770B /* Main.storyboard */ = {
			isa = PBXVariantGroup;
			children = (
				2EDA9AAF21B587EB004A770B /* Base */,
			);
			name = Main.storyboard;
			sourceTree = "<group>";
		};
		2EDA9AB321B587ED004A770B /* LaunchScreen.storyboard */ = {
			isa = PBXVariantGroup;
			children = (
				2EDA9AB421B587ED004A770B /* Base */,
			);
			name = LaunchScreen.storyboard;
			sourceTree = "<group>";
		};
/* End PBXVariantGroup section */

/* Begin XCBuildConfiguration section */
		2EDA9AB721B587ED004A770B /* Debug */ = {
			isa = XCBuildConfiguration;
			buildSettings = {
				ALWAYS_SEARCH_USER_PATHS = NO;
				CLANG_ANALYZER_NONNULL = YES;
				CLANG_ANALYZER_NUMBER_OBJECT_CONVERSION = YES_AGGRESSIVE;
				CLANG_CXX_LANGUAGE_STANDARD = "gnu++14";
				CLANG_CXX_LIBRARY = "libc++";
				CLANG_ENABLE_MODULES = YES;
				CLANG_ENABLE_OBJC_ARC = YES;
				CLANG_ENABLE_OBJC_WEAK = YES;
				CLANG_WARN_BLOCK_CAPTURE_AUTORELEASING = YES;
				CLANG_WARN_BOOL_CONVERSION = YES;
				CLANG_WARN_COMMA = YES;
				CLANG_WARN_CONSTANT_CONVERSION = YES;
				CLANG_WARN_DEPRECATED_OBJC_IMPLEMENTATIONS = YES;
				CLANG_WARN_DIRECT_OBJC_ISA_USAGE = YES_ERROR;
				CLANG_WARN_DOCUMENTATION_COMMENTS = YES;
				CLANG_WARN_EMPTY_BODY = YES;
				CLANG_WARN_ENUM_CONVERSION = YES;
				CLANG_WARN_INFINITE_RECURSION = YES;
				CLANG_WARN_INT_CONVERSION = YES;
				CLANG_WARN_NON_LITERAL_NULL_CONVERSION = YES;
				CLANG_WARN_OBJC_IMPLICIT_RETAIN_SELF = YES;
				CLANG_WARN_OBJC_LITERAL_CONVERSION = YES;
				CLANG_WARN_OBJC_ROOT_CLASS = YES_ERROR;
				CLANG_WARN_RANGE_LOOP_ANALYSIS = YES;
				CLANG_WARN_STRICT_PROTOTYPES = YES;
				CLANG_WARN_SUSPICIOUS_MOVE = YES;
				CLANG_WARN_UNGUARDED_AVAILABILITY = YES_AGGRESSIVE;
				CLANG_WARN_UNREACHABLE_CODE = YES;
				CLANG_WARN__DUPLICATE_METHOD_MATCH = YES;
				CODE_SIGN_IDENTITY = "iPhone Developer";
				COPY_PHASE_STRIP = NO;
				DEBUG_INFORMATION_FORMAT = dwarf;
				ENABLE_STRICT_OBJC_MSGSEND = YES;
				ENABLE_TESTABILITY = YES;
				GCC_C_LANGUAGE_STANDARD = gnu11;
				GCC_DYNAMIC_NO_PIC = NO;
				GCC_NO_COMMON_BLOCKS = YES;
				GCC_OPTIMIZATION_LEVEL = 0;
				GCC_PREPROCESSOR_DEFINITIONS = (
					"DEBUG=1",
					"$(inherited)",
				);
				GCC_WARN_64_TO_32_BIT_CONVERSION = YES;
				GCC_WARN_ABOUT_RETURN_TYPE = YES_ERROR;
				GCC_WARN_UNDECLARED_SELECTOR = YES;
				GCC_WARN_UNINITIALIZED_AUTOS = YES_AGGRESSIVE;
				GCC_WARN_UNUSED_FUNCTION = YES;
				GCC_WARN_UNUSED_VARIABLE = YES;
				IPHONEOS_DEPLOYMENT_TARGET = 12.1;
				MTL_ENABLE_DEBUG_INFO = INCLUDE_SOURCE;
				MTL_FAST_MATH = YES;
				ONLY_ACTIVE_ARCH = YES;
				SDKROOT = iphoneos;
				SWIFT_ACTIVE_COMPILATION_CONDITIONS = DEBUG;
				SWIFT_OPTIMIZATION_LEVEL = "-Onone";
			};
			name = Debug;
		};
		2EDA9AB821B587ED004A770B /* Release */ = {
			isa = XCBuildConfiguration;
			buildSettings = {
				ALWAYS_SEARCH_USER_PATHS = NO;
				CLANG_ANALYZER_NONNULL = YES;
				CLANG_ANALYZER_NUMBER_OBJECT_CONVERSION = YES_AGGRESSIVE;
				CLANG_CXX_LANGUAGE_STANDARD = "gnu++14";
				CLANG_CXX_LIBRARY = "libc++";
				CLANG_ENABLE_MODULES = YES;
				CLANG_ENABLE_OBJC_ARC = YES;
				CLANG_ENABLE_OBJC_WEAK = YES;
				CLANG_WARN_BLOCK_CAPTURE_AUTORELEASING = YES;
				CLANG_WARN_BOOL_CONVERSION = YES;
				CLANG_WARN_COMMA = YES;
				CLANG_WARN_CONSTANT_CONVERSION = YES;
				CLANG_WARN_DEPRECATED_OBJC_IMPLEMENTATIONS = YES;
				CLANG_WARN_DIRECT_OBJC_ISA_USAGE = YES_ERROR;
				CLANG_WARN_DOCUMENTATION_COMMENTS = YES;
				CLANG_WARN_EMPTY_BODY = YES;
				CLANG_WARN_ENUM_CONVERSION = YES;
				CLANG_WARN_INFINITE_RECURSION = YES;
				CLANG_WARN_INT_CONVERSION = YES;
				CLANG_WARN_NON_LITERAL_NULL_CONVERSION = YES;
				CLANG_WARN_OBJC_IMPLICIT_RETAIN_SELF = YES;
				CLANG_WARN_OBJC_LITERAL_CONVERSION = YES;
				CLANG_WARN_OBJC_ROOT_CLASS = YES_ERROR;
				CLANG_WARN_RANGE_LOOP_ANALYSIS = YES;
				CLANG_WARN_STRICT_PROTOTYPES = YES;
				CLANG_WARN_SUSPICIOUS_MOVE = YES;
				CLANG_WARN_UNGUARDED_AVAILABILITY = YES_AGGRESSIVE;
				CLANG_WARN_UNREACHABLE_CODE = YES;
				CLANG_WARN__DUPLICATE_METHOD_MATCH = YES;
				CODE_SIGN_IDENTITY = "iPhone Developer";
				COPY_PHASE_STRIP = NO;
				DEBUG_INFORMATION_FORMAT = "dwarf-with-dsym";
				ENABLE_NS_ASSERTIONS = NO;
				ENABLE_STRICT_OBJC_MSGSEND = YES;
				GCC_C_LANGUAGE_STANDARD = gnu11;
				GCC_NO_COMMON_BLOCKS = YES;
				GCC_WARN_64_TO_32_BIT_CONVERSION = YES;
				GCC_WARN_ABOUT_RETURN_TYPE = YES_ERROR;
				GCC_WARN_UNDECLARED_SELECTOR = YES;
				GCC_WARN_UNINITIALIZED_AUTOS = YES_AGGRESSIVE;
				GCC_WARN_UNUSED_FUNCTION = YES;
				GCC_WARN_UNUSED_VARIABLE = YES;
				IPHONEOS_DEPLOYMENT_TARGET = 12.1;
				MTL_ENABLE_DEBUG_INFO = NO;
				MTL_FAST_MATH = YES;
				SDKROOT = iphoneos;
				SWIFT_COMPILATION_MODE = wholemodule;
				SWIFT_OPTIMIZATION_LEVEL = "-O";
				VALIDATE_PRODUCT = YES;
			};
			name = Release;
		};
		2EDA9ABA21B587ED004A770B /* Debug */ = {
			isa = XCBuildConfiguration;
			buildSettings = {
				ASSETCATALOG_COMPILER_APPICON_NAME = AppIcon;
				CODE_SIGN_STYLE = Automatic;
				INFOPLIST_FILE = Crayons/Info.plist;
				LD_RUNPATH_SEARCH_PATHS = (
					"$(inherited)",
					"@executable_path/Frameworks",
				);
				PRODUCT_BUNDLE_IDENTIFIER = com.wmn4future.Crayons;
				PRODUCT_NAME = "$(TARGET_NAME)";
				SWIFT_VERSION = 4.2;
				TARGETED_DEVICE_FAMILY = "1,2";
			};
			name = Debug;
		};
		2EDA9ABB21B587ED004A770B /* Release */ = {
			isa = XCBuildConfiguration;
			buildSettings = {
				ASSETCATALOG_COMPILER_APPICON_NAME = AppIcon;
				CODE_SIGN_STYLE = Automatic;
				INFOPLIST_FILE = Crayons/Info.plist;
				LD_RUNPATH_SEARCH_PATHS = (
					"$(inherited)",
					"@executable_path/Frameworks",
				);
				PRODUCT_BUNDLE_IDENTIFIER = com.wmn4future.Crayons;
				PRODUCT_NAME = "$(TARGET_NAME)";
				SWIFT_VERSION = 4.2;
				TARGETED_DEVICE_FAMILY = "1,2";
			};
			name = Release;
		};
/* End XCBuildConfiguration section */

/* Begin XCConfigurationList section */
		2EDA9AA221B587EB004A770B /* Build configuration list for PBXProject "Crayons" */ = {
			isa = XCConfigurationList;
			buildConfigurations = (
				2EDA9AB721B587ED004A770B /* Debug */,
				2EDA9AB821B587ED004A770B /* Release */,
			);
			defaultConfigurationIsVisible = 0;
			defaultConfigurationName = Release;
		};
		2EDA9AB921B587ED004A770B /* Build configuration list for PBXNativeTarget "Crayons" */ = {
			isa = XCConfigurationList;
			buildConfigurations = (
				2EDA9ABA21B587ED004A770B /* Debug */,
				2EDA9ABB21B587ED004A770B /* Release */,
			);
			defaultConfigurationIsVisible = 0;
			defaultConfigurationName = Release;
		};
/* End XCConfigurationList section */
	};
	rootObject = 2EDA9A9F21B587EB004A770B /* Project object */;
}
